{
  "lockfileVersion": 1,
  "configVersion": 1,
  "workspaces": {
    "": {
      "name": "mw-bucketjs",
      "devDependencies": {
        "@types/bun": "latest",
        "types-mediawiki": "^2.0.0",
      },
      "peerDependencies": {
        "typescript": "^5",
      },
    },
  },
  "packages": {
    "@types/bun": ["@types/bun@1.3.11", "", { "dependencies": { "bun-types": "1.3.11" } }, "sha512-5vPne5QvtpjGpsGYXiFyycfpDF2ECyPcTSsFBMa0fraoxiQyMJ3SmuQIGhzPg2WJuWxVBoxWJ2kClYTcw/4fAg=="],

    "@types/jquery": ["@types/jquery@3.5.34", "", { "dependencies": { "@types/sizzle": "*" } }, "sha512-3m3939S3erqmTLJANS/uy0B6V7BorKx7RorcGZVjZ62dF5PAGbKEDZK1CuLtKombJkFA2T1jl8LAIIs7IV6gBQ=="],

    "@types/node": ["@types/node@25.5.0", "", { "dependencies": { "undici-types": "~7.18.0" } }, "sha512-jp2P3tQMSxWugkCUKLRPVUpGaL5MVFwF8RDuSRztfwgN1wmqJeMSbKlnEtQqU8UrhTmzEmZdu2I6v2dpp7XIxw=="],

    "@types/oojs": ["@types/oojs@7.0.7", "", {}, "sha512-l99Ab1s+EhCWR/38z5VI3aimTT9QZNjpd3JlJnECHXq6uJ/osLchkkhVfY7ANeOMVT978LawYO4JyOYPQO7VLQ=="],

    "@types/oojs-ui": ["@types/oojs-ui@0.46.4", "", { "dependencies": { "@types/jquery": "*", "@types/oojs": "*" } }, "sha512-tpQyPjxr6FhMRNaactbjNXkr4uCsKNQMOVNJiAO5AvzxoPddChNZp4gG37Pm80jAeDP11k9ww4durnEjzqqKsQ=="],

    "@types/sizzle": ["@types/sizzle@2.3.10", "", {}, "sha512-TC0dmN0K8YcWEAEfiPi5gJP14eJe30TTGjkvek3iM/1NdHHsdCA/Td6GvNndMOo/iSnIsZ4HuuhrYPDAmbxzww=="],

    "bun-types": ["bun-types@1.3.11", "", { "dependencies": { "@types/node": "*" } }, "sha512-1KGPpoxQWl9f6wcZh57LvrPIInQMn2TQ7jsgxqpRzg+l0QPOFvJVH7HmvHo/AiPgwXy+/Thf6Ov3EdVn1vOabg=="],

    "types-mediawiki": ["types-mediawiki@2.0.0", "", { "dependencies": { "@types/jquery": "^3.5.5", "@types/oojs-ui": "^0.46.0", "types-mediawiki-api": "^2.0.0" }, "peerDependencies": { "vue": "3.2.23 || 3.2.37 || 3.3.9 || 3.4.27 || 3.5.13" }, "optionalPeers": ["vue"] }, "sha512-zeT4IpaIHiazDJP9d67/vTBOAZbmSOLTDmFMNKaPjao7TEeW0used/SligN1T+17YydHtHSQuDheLPAnE/qDrA=="],

    "types-mediawiki-api": ["types-mediawiki-api@2.0.0", "", {}, "sha512-JeAm+5vD0Fe131UBt8ihJyRtXQlO4Zj180mOE3fcsdBLchqn1+ZfWBvJhBknd+hMalJ2H4DmsTzmbtDRB/sSYQ=="],

    "typescript": ["typescript@5.9.3", "", { "bin": { "tsc": "bin/tsc", "tsserver": "bin/tsserver" } }, "sha512-jl1vZzPDinLr9eUt3J/t7V6FgNEw9QjvBPdysz9KfQDD41fQrC2Y4vKQdiaUpFT4bXlb1RHhLpp8wtm6M5TgSw=="],

    "undici-types": ["undici-types@7.18.2", "", {}, "sha512-AsuCzffGHJybSaRrmr5eHr81mwJU3kjw6M+uprWvCXiNeN9SOGwQ3Jn8jb8m3Z6izVgknn1R0FTCEAP2QrLY/w=="],
  }
}
